<?xml version="1.0" encoding="UTF-8" standalone="yes" ?>
<CodeBlocks_project_file>
	<FileVersion major="1" minor="6" />
	<Project>
		<Option title="budgetter" />
		<Option pch_mode="2" />
		<Option compiler="gcc" />
		<Build>
			<Target title="Debug">
				<Option output="bin/Debug/budgetter" prefix_auto="1" extension_auto="1" />
				<Option object_output="obj/Debug/" />
				<Option type="1" />
				<Option compiler="gcc" />
				<Compiler>
					<Add option="-g" />
				</Compiler>
			</Target>
			<Target title="Release">
				<Option output="bin/Release/budgetter" prefix_auto="1" extension_auto="1" />
				<Option object_output="obj/Release/" />
				<Option type="1" />
				<Option compiler="gcc" />
				<Compiler>
					<Add option="-O2" />
				</Compiler>
				<Linker>
					<Add option="-s" />
				</Linker>
			</Target>
		</Build>
		<Compiler>
			<Add option="-Wall" />
			<Add option="-fexceptions" />
		</Compiler>
		<Unit filename="Markup.cpp" />
		<Unit filename="Markup.h" />
		<Unit filename="auxiliaryMethods.cpp" />
		<Unit filename="auxiliaryMethods.h" />
		<Unit filename="budgetter.cpp" />
		<Unit filename="budgetter.h" />
		<Unit filename="expense.cpp" />
		<Unit filename="expense.h" />
		<Unit filename="fileWithExpenses.cpp" />
		<Unit filename="fileWithExpenses.h" />
		<Unit filename="fileWithIncomes.cpp" />
		<Unit filename="fileWithIncomes.h" />
		<Unit filename="fileWithUsers.cpp" />
		<Unit filename="fileWithUsers.h" />
		<Unit filename="income.cpp" />
		<Unit filename="income.h" />
		<Unit filename="main.cpp" />
		<Unit filename="operationManager.cpp" />
		<Unit filename="operationManager.h" />
		<Unit filename="textFile.cpp" />
		<Unit filename="textFile.h" />
		<Unit filename="user.cpp" />
		<Unit filename="user.h" />
		<Unit filename="userManager.cpp" />
		<Unit filename="userManager.h" />
		<Extensions>
			<lib_finder disable_auto="1" />
		</Extensions>
	</Project>
</CodeBlocks_project_file>
